
Microsoft Visual Studio Solution File, Format Version 11.00
# Visual Studio 2010
Project("{8BC9CEB8-8B4A-11D0-8D11-00A0C91BC942}") = "task11", "task11\task11.vcxproj", "{A3DC7BC3-E6D3-4298-AE4B-A8E84425810A}"
EndProject
Global
	GlobalSection(SolutionConfigurationPlatforms) = preSolution
		Debug|Win32 = Debug|Win32
		Release|Win32 = Release|Win32
	EndGlobalSection
	GlobalSection(ProjectConfigurationPlatforms) = postSolution
		{A3DC7BC3-E6D3-4298-AE4B-A8E84425810A}.Debug|Win32.ActiveCfg = Debug|Win32
		{A3DC7BC3-E6D3-4298-AE4B-A8E84425810A}.Debug|Win32.Build.0 = Debug|Win32
		{A3DC7BC3-E6D3-4298-AE4B-A8E84425810A}.Release|Win32.ActiveCfg = Release|Win32
		{A3DC7BC3-E6D3-4298-AE4B-A8E84425810A}.Release|Win32.Build.0 = Release|Win32
	EndGlobalSection
	GlobalSection(SolutionProperties) = preSolution
		HideSolutionNode = FALSE
	EndGlobalSection
EndGlobal
